
Microsoft Visual Studio Solution File, Format Version 12.00
# Visual Studio Version 16
VisualStudioVersion = 16.0.29519.181
MinimumVisualStudioVersion = 10.0.40219.1
Project("{FAE04EC0-301F-11D3-BF4B-00C04F79EFBC}") = "CreditCheck-BE", "CreditCheck-BE\CreditCheck-BE.csproj", "{ED6A1105-5558-4BB9-B409-21EE170C570A}"
EndProject
Global
	GlobalSection(SolutionConfigurationPlatforms) = preSolution
		Debug|Any CPU = Debug|Any CPU
		Release|Any CPU = Release|Any CPU
	EndGlobalSection
	GlobalSection(ProjectConfigurationPlatforms) = postSolution
		{ED6A1105-5558-4BB9-B409-21EE170C570A}.Debug|Any CPU.ActiveCfg = Debug|Any CPU
		{ED6A1105-5558-4BB9-B409-21EE170C570A}.Debug|Any CPU.Build.0 = Debug|Any CPU
		{ED6A1105-5558-4BB9-B409-21EE170C570A}.Release|Any CPU.ActiveCfg = Release|Any CPU
		{ED6A1105-5558-4BB9-B409-21EE170C570A}.Release|Any CPU.Build.0 = Release|Any CPU
	EndGlobalSection
	GlobalSection(SolutionProperties) = preSolution
		HideSolutionNode = FALSE
	EndGlobalSection
	GlobalSection(ExtensibilityGlobals) = postSolution
		SolutionGuid = {57FB042F-69BD-446D-9595-DEE53AB21FB2}
	EndGlobalSection
EndGlobal
